github.com/HugoBlox/hugo-blox-builder/modules/blox-analytics v0.1.3 h1:RlzYOopMWua7wFWZr565QvvxkWaowal/aWsHlGMsSoY=
github.com/HugoBlox/hugo-blox-builder/modules/blox-analytics v0.1.3/go.mod h1:0YQtVvRLCzZOpPmbVNk7WDx8t19/QfRTFO+pwyqQNk8=
github.com/HugoBlox/hugo-blox-builder/modules/blox-plugin-netlify v1.1.2-0.20231125200520-804c70f7efb8 h1:nAXSNS5imm7XpP00cQdx12burtN3TQAUcTy1kSU+RMs=
github.com/HugoBlox/hugo-blox-builder/modules/blox-plugin-netlify v1.1.2-0.20231125200520-804c70f7efb8/go.mod h1:C7jfxMLv1bEUqbM9XDSmEpfOpS8w06OgqNDEcbuRgL4=
github.com/HugoBlox/hugo-blox-builder/modules/blox-plugin-netlify v1.1.2-0.20250301201144-44e75541f7be h1:uKN53b/E8UE/5pbfKrOI/G52Kphw4qolhSrzEb/UHGk=
github.com/HugoBlox/hugo-blox-builder/modules/blox-plugin-netlify v1.1.2-0.20250301201144-44e75541f7be/go.mod h1:C7jfxMLv1bEUqbM9XDSmEpfOpS8w06OgqNDEcbuRgL4=
github.com/HugoBlox/hugo-blox-builder/modules/blox-plugin-netlify v1.2.0 h1:I0urN3LANA8Cv+y5Nk05D44x4d1mj00NrPSmoFKtiKg=
github.com/HugoBlox/hugo-blox-builder/modules/blox-plugin-netlify v1.2.0/go.mod h1:C7jfxMLv1bEUqbM9XDSmEpfOpS8w06OgqNDEcbuRgL4=
github.com/HugoBlox/hugo-blox-builder/modules/blox-tailwind v0.2.1-0.20240602133901-492e343c2a33 h1:x348mgyKtNQKGROIZ/A0WYbKitzD5ySaWWny0C8wF9U=
github.com/HugoBlox/hugo-blox-builder/modules/blox-tailwind v0.2.1-0.20240602133901-492e343c2a33/go.mod h1:+qBbqXbKT7M2nOeHQa5OrRXwQKpEx1RXpMGirHbT7HU=
github.com/HugoBlox/hugo-blox-builder/modules/blox-tailwind v0.3.2 h1:Rh9CLgt4GpcWOoFJ0XyryvGjK/czOAa0eXuhjDisIC0=
github.com/HugoBlox/hugo-blox-builder/modules/blox-tailwind v0.3.2/go.mod h1:bUQKSt1XQhk60nSpI6D+MibQi6v8s7HghF5qoAtlhws=
github.com/HugoBlox/hugo-blox-builder/modules/blox-tailwind v0.10.0 h1:LZnRHMenSA0UJqVGKS3Unk+W+y2IDiYRzdCaGueoFzc=
github.com/HugoBlox/hugo-blox-builder/modules/blox-tailwind v0.10.0/go.mod h1:iiKLoehg9IqQd0R4jUfhl+wvJCiXPNgV88A/V8iKSLY=
github.com/HugoBlox/kit/modules/analytics v0.3.1 h1:ycPhZARCshIBbad6opbPgj36zvWe4lj5u0LJVcRMyqw=
github.com/HugoBlox/kit/modules/analytics v0.3.1/go.mod h1:B0DPb/ZHR713/rzAxWoUqOwGP+ZuX2kT8DHkJsgUPa8=
github.com/HugoBlox/kit/modules/blox v0.0.0-20260115004143-27742d31a056 h1:kSDLLRiRGcMhPBXz/HQqXrOim4SZsM79pM2ezog2aL0=
github.com/HugoBlox/kit/modules/blox v0.0.0-20260115004143-27742d31a056/go.mod h1:0F2Ss2NeylmaBP7+qx0U6zFPeMZ9NoLbAQakKXDqygo=
github.com/HugoBlox/kit/modules/integrations/netlify v0.0.0-20260102210655-66cba27dc652 h1:KdTgOy8hzPOUJcMyR6Tp2k3tyaJzoxz2e1zaddcG0uk=
github.com/HugoBlox/kit/modules/integrations/netlify v0.0.0-20260102210655-66cba27dc652/go.mod h1:UuppRGml2K1EmlDkN+HemycohgZLjOy0QPGYOnoPnY4=
